
Microsoft Visual Studio Solution File, Format Version 12.00
# Visual Studio 15
Project("{FAE04EC0-301F-11D3-BF4B-00C04F79EFBC}") = "Unity.Timeline", "Unity.Timeline.csproj", "{AEBA48EB-F4F4-0FB3-2C30-ACCD11A817FC}"
EndProject
Project("{FAE04EC0-301F-11D3-BF4B-00C04F79EFBC}") = "Unity.ShaderGraph.Editor", "Unity.ShaderGraph.Editor.csproj", "{24AEB9DD-4C68-C930-3B49-B56367CACD50}"
EndProject
Project("{FAE04EC0-301F-11D3-BF4B-00C04F79EFBC}") = "Unity.2D.Aseprite.Editor", "Unity.2D.Aseprite.Editor.csproj", "{4458ED28-F66A-BA6A-BB96-1D0F119CD2EB}"
EndProject
Project("{FAE04EC0-301F-11D3-BF4B-00C04F79EFBC}") = "Unity.VisualScripting.Flow", "Unity.VisualScripting.Flow.csproj", "{2CADED8B-8F1A-21E4-598E-E4A5B654CA79}"
EndProject
Project("{FAE04EC0-301F-11D3-BF4B-00C04F79EFBC}") = "Unity.RenderPipelines.Universal.Runtime", "Unity.RenderPipelines.Universal.Runtime.csproj", "{DCBCE386-04D3-E865-C960-37DA391FFB67}"
EndProject
Project("{FAE04EC0-301F-11D3-BF4B-00C04F79EFBC}") = "UnityEditor.UI", "UnityEditor.UI.csproj", "{F9E5325E-AF91-D80F-F36B-6EF6045F1657}"
EndProject
Project("{FAE04EC0-301F-11D3-BF4B-00C04F79EFBC}") = "Unity.Timeline.Editor", "Unity.Timeline.Editor.csproj", "{72058AAC-9B26-4401-26B6-3E3CA6D1B1FB}"
EndProject
Project("{FAE04EC0-301F-11D3-BF4B-00C04F79EFBC}") = "Unity.PlasticSCM.Editor", "Unity.PlasticSCM.Editor.csproj", "{D0D89550-036E-EFA7-43DB-B4D397642F7F}"
EndProject
Project("{FAE04EC0-301F-11D3-BF4B-00C04F79EFBC}") = "Unity.RenderPipelines.Core.Runtime", "Unity.RenderPipelines.Core.Runtime.csproj", "{AA459FBC-79E4-C385-0A56-839ADF1DD7B5}"
EndProject
Project("{FAE04EC0-301F-11D3-BF4B-00C04F79EFBC}") = "Unity.Mathematics", "Unity.Mathematics.csproj", "{5D20213E-57C1-3F9A-014D-74339F79F922}"
EndProject
Project("{FAE04EC0-301F-11D3-BF4B-00C04F79EFBC}") = "Unity.RenderPipelines.Core.Editor", "Unity.RenderPipelines.Core.Editor.csproj", "{A8596578-87FD-BD6F-F0DB-06F1A3B1B825}"
EndProject
Project("{FAE04EC0-301F-11D3-BF4B-00C04F79EFBC}") = "Unity.2D.Common.Path.Editor", "Unity.2D.Common.Path.Editor.csproj", "{2F626890-AC77-9012-5F55-35264FC3088C}"
EndProject
Project("{FAE04EC0-301F-11D3-BF4B-00C04F79EFBC}") = "Unity.2D.Psdimporter.Editor", "Unity.2D.Psdimporter.Editor.csproj", "{C34DCB42-3B84-47E2-99EF-1E38067AD8EA}"
EndProject
Project("{FAE04EC0-301F-11D3-BF4B-00C04F79EFBC}") = "Unity.VisualScripting.Core.Editor", "Unity.VisualScripting.Core.Editor.csproj", "{9EC521A7-9083-534C-7136-4AAB08D317DA}"
EndProject
Project("{FAE04EC0-301F-11D3-BF4B-00C04F79EFBC}") = "Unity.2D.IK.Runtime", "Unity.2D.IK.Runtime.csproj", "{191E1A9A-6F29-65B1-451C-B188B599D1B4}"
EndProject
Project("{FAE04EC0-301F-11D3-BF4B-00C04F79EFBC}") = "UnityEditor.TestRunner", "UnityEditor.TestRunner.csproj", "{BF995864-EB74-D93B-8F78-420AB2E26F17}"
EndProject
Project("{FAE04EC0-301F-11D3-BF4B-00C04F79EFBC}") = "Unity.RenderPipelines.Universal.Editor", "Unity.RenderPipelines.Universal.Editor.csproj", "{90E567FC-4CD9-4D99-1A8B-42D79F830C19}"
EndProject
Project("{FAE04EC0-301F-11D3-BF4B-00C04F79EFBC}") = "Unity.TextMeshPro.Editor", "Unity.TextMeshPro.Editor.csproj", "{04EB1FB5-719F-FE09-98B4-E38C87C78956}"
EndProject
Project("{FAE04EC0-301F-11D3-BF4B-00C04F79EFBC}") = "Unity.VisualScripting.Flow.Editor", "Unity.VisualScripting.Flow.Editor.csproj", "{97F20B84-3E38-B3FF-5B9C-72326F239364}"
EndProject
Project("{FAE04EC0-301F-11D3-BF4B-00C04F79EFBC}") = "UnityEngine.TestRunner", "UnityEngine.TestRunner.csproj", "{CD538BDD-D22D-6702-890F-B65EA95A5800}"
EndProject
Project("{FAE04EC0-301F-11D3-BF4B-00C04F79EFBC}") = "Unity.VisualScripting.Core", "Unity.VisualScripting.Core.csproj", "{B4FAA5BF-001B-C136-0F51-E441CB7651E9}"
EndProject
Project("{FAE04EC0-301F-11D3-BF4B-00C04F79EFBC}") = "Unity.2D.Tilemap.Editor", "Unity.2D.Tilemap.Editor.csproj", "{00BEA7CC-81A2-98B3-AFAC-33781950E75F}"
EndProject
Project("{FAE04EC0-301F-11D3-BF4B-00C04F79EFBC}") = "Unity.Searcher.Editor", "Unity.Searcher.Editor.csproj", "{7812DE7B-0CFB-E78B-0272-8616A1295970}"
EndProject
Project("{FAE04EC0-301F-11D3-BF4B-00C04F79EFBC}") = "Unity.Burst", "Unity.Burst.csproj", "{F2A1D249-529F-D772-2AAF-74D58FF54583}"
EndProject
Project("{FAE04EC0-301F-11D3-BF4B-00C04F79EFBC}") = "PsdPlugin", "PsdPlugin.csproj", "{01DF9BC3-4011-3293-7490-9051303499B1}"
EndProject
Project("{FAE04EC0-301F-11D3-BF4B-00C04F79EFBC}") = "Unity.Collections", "Unity.Collections.csproj", "{1342C0B8-B741-D6E7-0844-002C4436B65F}"
EndProject
Project("{FAE04EC0-301F-11D3-BF4B-00C04F79EFBC}") = "Cinemachine", "Cinemachine.csproj", "{24AA8CE3-FB81-D3A0-22DD-2E70BAAF2867}"
EndProject
Project("{FAE04EC0-301F-11D3-BF4B-00C04F79EFBC}") = "Unity.2D.Animation.Editor", "Unity.2D.Animation.Editor.csproj", "{5C9E09B9-8B40-734C-8B86-3DD942671DB6}"
EndProject
Project("{FAE04EC0-301F-11D3-BF4B-00C04F79EFBC}") = "Unity.2D.SpriteShape.Editor", "Unity.2D.SpriteShape.Editor.csproj", "{F0A5477B-8E95-A523-9477-FC86863F1182}"
EndProject
Project("{FAE04EC0-301F-11D3-BF4B-00C04F79EFBC}") = "Unity.VisualStudio.Editor", "Unity.VisualStudio.Editor.csproj", "{FAE11796-43A1-CD16-A7EB-14B1707C5D3F}"
EndProject
Project("{FAE04EC0-301F-11D3-BF4B-00C04F79EFBC}") = "PPv2URPConverters", "PPv2URPConverters.csproj", "{11DC192D-3788-22BA-E6DC-D152756CCCD6}"
EndProject
Project("{FAE04EC0-301F-11D3-BF4B-00C04F79EFBC}") = "Unity.Rider.Editor", "Unity.Rider.Editor.csproj", "{4F04B791-2BCB-A4C5-A1D6-663C390A51F0}"
EndProject
Project("{FAE04EC0-301F-11D3-BF4B-00C04F79EFBC}") = "Unity.InternalAPIEditorBridge.001", "Unity.InternalAPIEditorBridge.001.csproj", "{75AA3B80-3785-63F3-3CA6-6A2212642A72}"
EndProject
Project("{FAE04EC0-301F-11D3-BF4B-00C04F79EFBC}") = "Unity.2D.SpriteShape.Runtime", "Unity.2D.SpriteShape.Runtime.csproj", "{75E9B848-60D0-D27D-8587-169852809777}"
EndProject
Project("{FAE04EC0-301F-11D3-BF4B-00C04F79EFBC}") = "Unity.VisualScripting.State.Editor", "Unity.VisualScripting.State.Editor.csproj", "{341614E1-D9FA-ED33-02DD-FFB415974DB2}"
EndProject
Project("{FAE04EC0-301F-11D3-BF4B-00C04F79EFBC}") = "com.unity.cinemachine.editor", "com.unity.cinemachine.editor.csproj", "{BB295458-7BA1-0E7F-C4BF-90587FEFFBEE}"
EndProject
Project("{FAE04EC0-301F-11D3-BF4B-00C04F79EFBC}") = "UnityEngine.UI", "UnityEngine.UI.csproj", "{55C1619C-A6B4-BD0D-03F6-FFE50C8AA882}"
EndProject
Project("{FAE04EC0-301F-11D3-BF4B-00C04F79EFBC}") = "Unity.Burst.CodeGen", "Unity.Burst.CodeGen.csproj", "{B69F3176-6508-AA62-7F4E-43BE13BA9481}"
EndProject
Project("{FAE04EC0-301F-11D3-BF4B-00C04F79EFBC}") = "Unity.RenderPipeline.Universal.ShaderLibrary", "Unity.RenderPipeline.Universal.ShaderLibrary.csproj", "{4CC2D330-72E4-D89C-AD76-631B90FB7EE8}"
EndProject
Project("{FAE04EC0-301F-11D3-BF4B-00C04F79EFBC}") = "Unity.VisualScripting.State", "Unity.VisualScripting.State.csproj", "{F54C2924-6093-BF84-F601-389DDEA62EB0}"
EndProject
Project("{FAE04EC0-301F-11D3-BF4B-00C04F79EFBC}") = "Unity.TextMeshPro", "Unity.TextMeshPro.csproj", "{CA5ECBA7-FC55-9FB1-43B6-B581C5526BA3}"
EndProject
Project("{FAE04EC0-301F-11D3-BF4B-00C04F79EFBC}") = "Unity.2D.Tilemap.Extras.Editor", "Unity.2D.Tilemap.Extras.Editor.csproj", "{57599DC7-BB73-EE08-D643-93CF90D80103}"
EndProject
Project("{FAE04EC0-301F-11D3-BF4B-00C04F79EFBC}") = "Unity.2D.Animation.Runtime", "Unity.2D.Animation.Runtime.csproj", "{88893F7B-E8C6-1646-4DAB-1C4DE15CDE87}"
EndProject
Project("{FAE04EC0-301F-11D3-BF4B-00C04F79EFBC}") = "Unity.VisualScripting.SettingsProvider.Editor", "Unity.VisualScripting.SettingsProvider.Editor.csproj", "{219C4151-0BB8-D1BF-6BD0-267FD7321448}"
EndProject
Project("{FAE04EC0-301F-11D3-BF4B-00C04F79EFBC}") = "Unity.VSCode.Editor", "Unity.VSCode.Editor.csproj", "{24228BFD-F3BC-74EC-DF9A-684F66D0EB05}"
EndProject
Project("{FAE04EC0-301F-11D3-BF4B-00C04F79EFBC}") = "Unity.2D.IK.Editor", "Unity.2D.IK.Editor.csproj", "{C7074009-82C5-21D3-2474-DFCAB80A128A}"
EndProject
Project("{FAE04EC0-301F-11D3-BF4B-00C04F79EFBC}") = "Unity.InternalAPIEngineBridge.001", "Unity.InternalAPIEngineBridge.001.csproj", "{BBAC1A82-4D83-D3B5-45CD-5DB66E177E3B}"
EndProject
Project("{FAE04EC0-301F-11D3-BF4B-00C04F79EFBC}") = "Unity.2D.Aseprite.Common", "Unity.2D.Aseprite.Common.csproj", "{33151C46-1795-C526-2E31-2827D4956A51}"
EndProject
Project("{FAE04EC0-301F-11D3-BF4B-00C04F79EFBC}") = "Unity.Burst.Editor", "Unity.Burst.Editor.csproj", "{EAA4D581-37E2-887C-F699-544D83938B85}"
EndProject
Project("{FAE04EC0-301F-11D3-BF4B-00C04F79EFBC}") = "Unity.2D.Common.Editor", "Unity.2D.Common.Editor.csproj", "{DC129337-BC95-C4CB-CAD2-923627071208}"
EndProject
Project("{FAE04EC0-301F-11D3-BF4B-00C04F79EFBC}") = "Unity.2D.PixelPerfect", "Unity.2D.PixelPerfect.csproj", "{4AED2322-6130-79B4-7B87-C9FBE38F570A}"
EndProject
Project("{FAE04EC0-301F-11D3-BF4B-00C04F79EFBC}") = "Assembly-CSharp", "Assembly-CSharp.csproj", "{AD302A2F-2DA9-8EF1-7B52-2E092F3F7C45}"
EndProject
Project("{FAE04EC0-301F-11D3-BF4B-00C04F79EFBC}") = "Unity.2D.PixelPerfect.Editor", "Unity.2D.PixelPerfect.Editor.csproj", "{03D2C40A-3828-072A-5D5A-C56676691D09}"
EndProject
Project("{FAE04EC0-301F-11D3-BF4B-00C04F79EFBC}") = "Unity.2D.Common.Runtime", "Unity.2D.Common.Runtime.csproj", "{60A165A6-2704-BB16-EAD1-5878E2EEB312}"
EndProject
Project("{FAE04EC0-301F-11D3-BF4B-00C04F79EFBC}") = "Unity.2D.Sprite.Editor", "Unity.2D.Sprite.Editor.csproj", "{453E755A-1B50-26E3-94A7-9BC3F0E28964}"
EndProject
Project("{FAE04EC0-301F-11D3-BF4B-00C04F79EFBC}") = "Unity.Mathematics.Editor", "Unity.Mathematics.Editor.csproj", "{C210AC6B-0148-6645-7DFA-CB0957512F80}"
EndProject
Project("{FAE04EC0-301F-11D3-BF4B-00C04F79EFBC}") = "Unity.2D.Tilemap.Extras", "Unity.2D.Tilemap.Extras.csproj", "{9A29E5BE-3B9B-BBC4-9079-1F48BA6229B6}"
EndProject
Project("{FAE04EC0-301F-11D3-BF4B-00C04F79EFBC}") = "Unity.ShaderGraph.Utilities", "Unity.ShaderGraph.Utilities.csproj", "{3D9572D2-0662-2E69-EDF6-FBF22D3041EA}"
EndProject
Project("{FAE04EC0-301F-11D3-BF4B-00C04F79EFBC}") = "Unity.VisualScripting.Shared.Editor", "Unity.VisualScripting.Shared.Editor.csproj", "{AD489430-9A51-B307-8D5F-7EBBC575844D}"
EndProject
Project("{FAE04EC0-301F-11D3-BF4B-00C04F79EFBC}") = "Unity.Collections.DocCodeSamples", "Unity.Collections.DocCodeSamples.csproj", "{46351419-BF4B-FBF6-DEDC-5F54381B117D}"
EndProject
Project("{FAE04EC0-301F-11D3-BF4B-00C04F79EFBC}") = "Unity.Collections.BurstCompatibilityGen", "Unity.Collections.BurstCompatibilityGen.csproj", "{C5D8C597-E1EE-2014-511D-AE5C9034DA44}"
EndProject
Project("{FAE04EC0-301F-11D3-BF4B-00C04F79EFBC}") = "Unity.RenderPipelines.Universal.Config.Runtime", "Unity.RenderPipelines.Universal.Config.Runtime.csproj", "{83D0C2D1-E29A-C48F-0E02-74E91DAC2948}"
EndProject
Project("{FAE04EC0-301F-11D3-BF4B-00C04F79EFBC}") = "Unity.CollabProxy.Editor", "Unity.CollabProxy.Editor.csproj", "{80D446FF-7536-B57E-3A5E-DA6FB54501BB}"
EndProject
Project("{FAE04EC0-301F-11D3-BF4B-00C04F79EFBC}") = "Unity.RenderPipelines.ShaderGraph.ShaderGraphLibrary", "Unity.RenderPipelines.ShaderGraph.ShaderGraphLibrary.csproj", "{102A4E44-4F36-EBA6-6382-F8D123B32D70}"
EndProject
Project("{FAE04EC0-301F-11D3-BF4B-00C04F79EFBC}") = "Unity.RenderPipelines.Core.ShaderLibrary", "Unity.RenderPipelines.Core.ShaderLibrary.csproj", "{21363A1D-62F4-2AEE-2475-AB0E701DC7AE}"
EndProject
Project("{FAE04EC0-301F-11D3-BF4B-00C04F79EFBC}") = "Unity.RenderPipelines.Universal.Shaders", "Unity.RenderPipelines.Universal.Shaders.csproj", "{594DDCFB-88B1-3FDF-D488-1E2F3E2C0934}"
EndProject
Global
	GlobalSection(SolutionConfigurationPlatforms) = preSolution
		Debug|Any CPU = Debug|Any CPU
		Release|Any CPU = Release|Any CPU
	EndGlobalSection
	GlobalSection(ProjectConfigurationPlatforms) = postSolution
		{AEBA48EB-F4F4-0FB3-2C30-ACCD11A817FC}.Debug|Any CPU.ActiveCfg = Debug|Any CPU
		{AEBA48EB-F4F4-0FB3-2C30-ACCD11A817FC}.Debug|Any CPU.Build.0 = Debug|Any CPU
		{AEBA48EB-F4F4-0FB3-2C30-ACCD11A817FC}.Release|Any CPU.ActiveCfg = Release|Any CPU
		{AEBA48EB-F4F4-0FB3-2C30-ACCD11A817FC}.Release|Any CPU.Build.0 = Release|Any CPU
		{24AEB9DD-4C68-C930-3B49-B56367CACD50}.Debug|Any CPU.ActiveCfg = Debug|Any CPU
		{24AEB9DD-4C68-C930-3B49-B56367CACD50}.Debug|Any CPU.Build.0 = Debug|Any CPU
		{24AEB9DD-4C68-C930-3B49-B56367CACD50}.Release|Any CPU.ActiveCfg = Release|Any CPU
		{24AEB9DD-4C68-C930-3B49-B56367CACD50}.Release|Any CPU.Build.0 = Release|Any CPU
		{4458ED28-F66A-BA6A-BB96-1D0F119CD2EB}.Debug|Any CPU.ActiveCfg = Debug|Any CPU
		{4458ED28-F66A-BA6A-BB96-1D0F119CD2EB}.Debug|Any CPU.Build.0 = Debug|Any CPU
		{4458ED28-F66A-BA6A-BB96-1D0F119CD2EB}.Release|Any CPU.ActiveCfg = Release|Any CPU
		{4458ED28-F66A-BA6A-BB96-1D0F119CD2EB}.Release|Any CPU.Build.0 = Release|Any CPU
		{2CADED8B-8F1A-21E4-598E-E4A5B654CA79}.Debug|Any CPU.ActiveCfg = Debug|Any CPU
		{2CADED8B-8F1A-21E4-598E-E4A5B654CA79}.Debug|Any CPU.Build.0 = Debug|Any CPU
		{2CADED8B-8F1A-21E4-598E-E4A5B654CA79}.Release|Any CPU.ActiveCfg = Release|Any CPU
		{2CADED8B-8F1A-21E4-598E-E4A5B654CA79}.Release|Any CPU.Build.0 = Release|Any CPU
		{DCBCE386-04D3-E865-C960-37DA391FFB67}.Debug|Any CPU.ActiveCfg = Debug|Any CPU
		{DCBCE386-04D3-E865-C960-37DA391FFB67}.Debug|Any CPU.Build.0 = Debug|Any CPU
		{DCBCE386-04D3-E865-C960-37DA391FFB67}.Release|Any CPU.ActiveCfg = Release|Any CPU
		{DCBCE386-04D3-E865-C960-37DA391FFB67}.Release|Any CPU.Build.0 = Release|Any CPU
		{F9E5325E-AF91-D80F-F36B-6EF6045F1657}.Debug|Any CPU.ActiveCfg = Debug|Any CPU
		{F9E5325E-AF91-D80F-F36B-6EF6045F1657}.Debug|Any CPU.Build.0 = Debug|Any CPU
		{F9E5325E-AF91-D80F-F36B-6EF6045F1657}.Release|Any CPU.ActiveCfg = Release|Any CPU
		{F9E5325E-AF91-D80F-F36B-6EF6045F1657}.Release|Any CPU.Build.0 = Release|Any CPU
		{72058AAC-9B26-4401-26B6-3E3CA6D1B1FB}.Debug|Any CPU.ActiveCfg = Debug|Any CPU
		{72058AAC-9B26-4401-26B6-3E3CA6D1B1FB}.Debug|Any CPU.Build.0 = Debug|Any CPU
		{72058AAC-9B26-4401-26B6-3E3CA6D1B1FB}.Release|Any CPU.ActiveCfg = Release|Any CPU
		{72058AAC-9B26-4401-26B6-3E3CA6D1B1FB}.Release|Any CPU.Build.0 = Release|Any CPU
		{D0D89550-036E-EFA7-43DB-B4D397642F7F}.Debug|Any CPU.ActiveCfg = Debug|Any CPU
		{D0D89550-036E-EFA7-43DB-B4D397642F7F}.Debug|Any CPU.Build.0 = Debug|Any CPU
		{D0D89550-036E-EFA7-43DB-B4D397642F7F}.Release|Any CPU.ActiveCfg = Release|Any CPU
		{D0D89550-036E-EFA7-43DB-B4D397642F7F}.Release|Any CPU.Build.0 = Release|Any CPU
		{AA459FBC-79E4-C385-0A56-839ADF1DD7B5}.Debug|Any CPU.ActiveCfg = Debug|Any CPU
		{AA459FBC-79E4-C385-0A56-839ADF1DD7B5}.Debug|Any CPU.Build.0 = Debug|Any CPU
		{AA459FBC-79E4-C385-0A56-839ADF1DD7B5}.Release|Any CPU.ActiveCfg = Release|Any CPU
		{AA459FBC-79E4-C385-0A56-839ADF1DD7B5}.Release|Any CPU.Build.0 = Release|Any CPU
		{5D20213E-57C1-3F9A-014D-74339F79F922}.Debug|Any CPU.ActiveCfg = Debug|Any CPU
		{5D20213E-57C1-3F9A-014D-74339F79F922}.Debug|Any CPU.Build.0 = Debug|Any CPU
		{5D20213E-57C1-3F9A-014D-74339F79F922}.Release|Any CPU.ActiveCfg = Release|Any CPU
		{5D20213E-57C1-3F9A-014D-74339F79F922}.Release|Any CPU.Build.0 = Release|Any CPU
		{A8596578-87FD-BD6F-F0DB-06F1A3B1B825}.Debug|Any CPU.ActiveCfg = Debug|Any CPU
		{A8596578-87FD-BD6F-F0DB-06F1A3B1B825}.Debug|Any CPU.Build.0 = Debug|Any CPU
		{A8596578-87FD-BD6F-F0DB-06F1A3B1B825}.Release|Any CPU.ActiveCfg = Release|Any CPU
		{A8596578-87FD-BD6F-F0DB-06F1A3B1B825}.Release|Any CPU.Build.0 = Release|Any CPU
		{2F626890-AC77-9012-5F55-35264FC3088C}.Debug|Any CPU.ActiveCfg = Debug|Any CPU
		{2F626890-AC77-9012-5F55-35264FC3088C}.Debug|Any CPU.Build.0 = Debug|Any CPU
		{2F626890-AC77-9012-5F55-35264FC3088C}.Release|Any CPU.ActiveCfg = Release|Any CPU
		{2F626890-AC77-9012-5F55-35264FC3088C}.Release|Any CPU.Build.0 = Release|Any CPU
		{C34DCB42-3B84-47E2-99EF-1E38067AD8EA}.Debug|Any CPU.ActiveCfg = Debug|Any CPU
		{C34DCB42-3B84-47E2-99EF-1E38067AD8EA}.Debug|Any CPU.Build.0 = Debug|Any CPU
		{C34DCB42-3B84-47E2-99EF-1E38067AD8EA}.Release|Any CPU.ActiveCfg = Release|Any CPU
		{C34DCB42-3B84-47E2-99EF-1E38067AD8EA}.Release|Any CPU.Build.0 = Release|Any CPU
		{9EC521A7-9083-534C-7136-4AAB08D317DA}.Debug|Any CPU.ActiveCfg = Debug|Any CPU
		{9EC521A7-9083-534C-7136-4AAB08D317DA}.Debug|Any CPU.Build.0 = Debug|Any CPU
		{9EC521A7-9083-534C-7136-4AAB08D317DA}.Release|Any CPU.ActiveCfg = Release|Any CPU
		{9EC521A7-9083-534C-7136-4AAB08D317DA}.Release|Any CPU.Build.0 = Release|Any CPU
		{191E1A9A-6F29-65B1-451C-B188B599D1B4}.Debug|Any CPU.ActiveCfg = Debug|Any CPU
		{191E1A9A-6F29-65B1-451C-B188B599D1B4}.Debug|Any CPU.Build.0 = Debug|Any CPU
		{191E1A9A-6F29-65B1-451C-B188B599D1B4}.Release|Any CPU.ActiveCfg = Release|Any CPU
		{191E1A9A-6F29-65B1-451C-B188B599D1B4}.Release|Any CPU.Build.0 = Release|Any CPU
		{BF995864-EB74-D93B-8F78-420AB2E26F17}.Debug|Any CPU.ActiveCfg = Debug|Any CPU
		{BF995864-EB74-D93B-8F78-420AB2E26F17}.Debug|Any CPU.Build.0 = Debug|Any CPU
		{BF995864-EB74-D93B-8F78-420AB2E26F17}.Release|Any CPU.ActiveCfg = Release|Any CPU
		{BF995864-EB74-D93B-8F78-420AB2E26F17}.Release|Any CPU.Build.0 = Release|Any CPU
		{90E567FC-4CD9-4D99-1A8B-42D79F830C19}.Debug|Any CPU.ActiveCfg = Debug|Any CPU
		{90E567FC-4CD9-4D99-1A8B-42D79F830C19}.Debug|Any CPU.Build.0 = Debug|Any CPU
		{90E567FC-4CD9-4D99-1A8B-42D79F830C19}.Release|Any CPU.ActiveCfg = Release|Any CPU
		{90E567FC-4CD9-4D99-1A8B-42D79F830C19}.Release|Any CPU.Build.0 = Release|Any CPU
		{04EB1FB5-719F-FE09-98B4-E38C87C78956}.Debug|Any CPU.ActiveCfg = Debug|Any CPU
		{04EB1FB5-719F-FE09-98B4-E38C87C78956}.Debug|Any CPU.Build.0 = Debug|Any CPU
		{04EB1FB5-719F-FE09-98B4-E38C87C78956}.Release|Any CPU.ActiveCfg = Release|Any CPU
		{04EB1FB5-719F-FE09-98B4-E38C87C78956}.Release|Any CPU.Build.0 = Release|Any CPU
		{97F20B84-3E38-B3FF-5B9C-72326F239364}.Debug|Any CPU.ActiveCfg = Debug|Any CPU
		{97F20B84-3E38-B3FF-5B9C-72326F239364}.Debug|Any CPU.Build.0 = Debug|Any CPU
		{97F20B84-3E38-B3FF-5B9C-72326F239364}.Release|Any CPU.ActiveCfg = Release|Any CPU
		{97F20B84-3E38-B3FF-5B9C-72326F239364}.Release|Any CPU.Build.0 = Release|Any CPU
		{CD538BDD-D22D-6702-890F-B65EA95A5800}.Debug|Any CPU.ActiveCfg = Debug|Any CPU
		{CD538BDD-D22D-6702-890F-B65EA95A5800}.Debug|Any CPU.Build.0 = Debug|Any CPU
		{CD538BDD-D22D-6702-890F-B65EA95A5800}.Release|Any CPU.ActiveCfg = Release|Any CPU
		{CD538BDD-D22D-6702-890F-B65EA95A5800}.Release|Any CPU.Build.0 = Release|Any CPU
		{B4FAA5BF-001B-C136-0F51-E441CB7651E9}.Debug|Any CPU.ActiveCfg = Debug|Any CPU
		{B4FAA5BF-001B-C136-0F51-E441CB7651E9}.Debug|Any CPU.Build.0 = Debug|Any CPU
		{B4FAA5BF-001B-C136-0F51-E441CB7651E9}.Release|Any CPU.ActiveCfg = Release|Any CPU
		{B4FAA5BF-001B-C136-0F51-E441CB7651E9}.Release|Any CPU.Build.0 = Release|Any CPU
		{00BEA7CC-81A2-98B3-AFAC-33781950E75F}.Debug|Any CPU.ActiveCfg = Debug|Any CPU
		{00BEA7CC-81A2-98B3-AFAC-33781950E75F}.Debug|Any CPU.Build.0 = Debug|Any CPU
		{00BEA7CC-81A2-98B3-AFAC-33781950E75F}.Release|Any CPU.ActiveCfg = Release|Any CPU
		{00BEA7CC-81A2-98B3-AFAC-33781950E75F}.Release|Any CPU.Build.0 = Release|Any CPU
		{7812DE7B-0CFB-E78B-0272-8616A1295970}.Debug|Any CPU.ActiveCfg = Debug|Any CPU
		{7812DE7B-0CFB-E78B-0272-8616A1295970}.Debug|Any CPU.Build.0 = Debug|Any CPU
		{7812DE7B-0CFB-E78B-0272-8616A1295970}.Release|Any CPU.ActiveCfg = Release|Any CPU
		{7812DE7B-0CFB-E78B-0272-8616A1295970}.Release|Any CPU.Build.0 = Release|Any CPU
		{F2A1D249-529F-D772-2AAF-74D58FF54583}.Debug|Any CPU.ActiveCfg = Debug|Any CPU
		{F2A1D249-529F-D772-2AAF-74D58FF54583}.Debug|Any CPU.Build.0 = Debug|Any CPU
		{F2A1D249-529F-D772-2AAF-74D58FF54583}.Release|Any CPU.ActiveCfg = Release|Any CPU
		{F2A1D249-529F-D772-2AAF-74D58FF54583}.Release|Any CPU.Build.0 = Release|Any CPU
		{01DF9BC3-4011-3293-7490-9051303499B1}.Debug|Any CPU.ActiveCfg = Debug|Any CPU
		{01DF9BC3-4011-3293-7490-9051303499B1}.Debug|Any CPU.Build.0 = Debug|Any CPU
		{01DF9BC3-4011-3293-7490-9051303499B1}.Release|Any CPU.ActiveCfg = Release|Any CPU
		{01DF9BC3-4011-3293-7490-9051303499B1}.Release|Any CPU.Build.0 = Release|Any CPU
		{1342C0B8-B741-D6E7-0844-002C4436B65F}.Debug|Any CPU.ActiveCfg = Debug|Any CPU
		{1342C0B8-B741-D6E7-0844-002C4436B65F}.Debug|Any CPU.Build.0 = Debug|Any CPU
		{1342C0B8-B741-D6E7-0844-002C4436B65F}.Release|Any CPU.ActiveCfg = Release|Any CPU
		{1342C0B8-B741-D6E7-0844-002C4436B65F}.Release|Any CPU.Build.0 = Release|Any CPU
		{24AA8CE3-FB81-D3A0-22DD-2E70BAAF2867}.Debug|Any CPU.ActiveCfg = Debug|Any CPU
		{24AA8CE3-FB81-D3A0-22DD-2E70BAAF2867}.Debug|Any CPU.Build.0 = Debug|Any CPU
		{24AA8CE3-FB81-D3A0-22DD-2E70BAAF2867}.Release|Any CPU.ActiveCfg = Release|Any CPU
		{24AA8CE3-FB81-D3A0-22DD-2E70BAAF2867}.Release|Any CPU.Build.0 = Release|Any CPU
		{5C9E09B9-8B40-734C-8B86-3DD942671DB6}.Debug|Any CPU.ActiveCfg = Debug|Any CPU
		{5C9E09B9-8B40-734C-8B86-3DD942671DB6}.Debug|Any CPU.Build.0 = Debug|Any CPU
		{5C9E09B9-8B40-734C-8B86-3DD942671DB6}.Release|Any CPU.ActiveCfg = Release|Any CPU
		{5C9E09B9-8B40-734C-8B86-3DD942671DB6}.Release|Any CPU.Build.0 = Release|Any CPU
		{F0A5477B-8E95-A523-9477-FC86863F1182}.Debug|Any CPU.ActiveCfg = Debug|Any CPU
		{F0A5477B-8E95-A523-9477-FC86863F1182}.Debug|Any CPU.Build.0 = Debug|Any CPU
		{F0A5477B-8E95-A523-9477-FC86863F1182}.Release|Any CPU.ActiveCfg = Release|Any CPU
		{F0A5477B-8E95-A523-9477-FC86863F1182}.Release|Any CPU.Build.0 = Release|Any CPU
		{FAE11796-43A1-CD16-A7EB-14B1707C5D3F}.Debug|Any CPU.ActiveCfg = Debug|Any CPU
		{FAE11796-43A1-CD16-A7EB-14B1707C5D3F}.Debug|Any CPU.Build.0 = Debug|Any CPU
		{FAE11796-43A1-CD16-A7EB-14B1707C5D3F}.Release|Any CPU.ActiveCfg = Release|Any CPU
		{FAE11796-43A1-CD16-A7EB-14B1707C5D3F}.Release|Any CPU.Build.0 = Release|Any CPU
		{11DC192D-3788-22BA-E6DC-D152756CCCD6}.Debug|Any CPU.ActiveCfg = Debug|Any CPU
		{11DC192D-3788-22BA-E6DC-D152756CCCD6}.Debug|Any CPU.Build.0 = Debug|Any CPU
		{11DC192D-3788-22BA-E6DC-D152756CCCD6}.Release|Any CPU.ActiveCfg = Release|Any CPU
		{11DC192D-3788-22BA-E6DC-D152756CCCD6}.Release|Any CPU.Build.0 = Release|Any CPU
		{4F04B791-2BCB-A4C5-A1D6-663C390A51F0}.Debug|Any CPU.ActiveCfg = Debug|Any CPU
		{4F04B791-2BCB-A4C5-A1D6-663C390A51F0}.Debug|Any CPU.Build.0 = Debug|Any CPU
		{4F04B791-2BCB-A4C5-A1D6-663C390A51F0}.Release|Any CPU.ActiveCfg = Release|Any CPU
		{4F04B791-2BCB-A4C5-A1D6-663C390A51F0}.Release|Any CPU.Build.0 = Release|Any CPU
		{75AA3B80-3785-63F3-3CA6-6A2212642A72}.Debug|Any CPU.ActiveCfg = Debug|Any CPU
		{75AA3B80-3785-63F3-3CA6-6A2212642A72}.Debug|Any CPU.Build.0 = Debug|Any CPU
		{75AA3B80-3785-63F3-3CA6-6A2212642A72}.Release|Any CPU.ActiveCfg = Release|Any CPU
		{75AA3B80-3785-63F3-3CA6-6A2212642A72}.Release|Any CPU.Build.0 = Release|Any CPU
		{75E9B848-60D0-D27D-8587-169852809777}.Debug|Any CPU.ActiveCfg = Debug|Any CPU
		{75E9B848-60D0-D27D-8587-169852809777}.Debug|Any CPU.Build.0 = Debug|Any CPU
		{75E9B848-60D0-D27D-8587-169852809777}.Release|Any CPU.ActiveCfg = Release|Any CPU
		{75E9B848-60D0-D27D-8587-169852809777}.Release|Any CPU.Build.0 = Release|Any CPU
		{341614E1-D9FA-ED33-02DD-FFB415974DB2}.Debug|Any CPU.ActiveCfg = Debug|Any CPU
		{341614E1-D9FA-ED33-02DD-FFB415974DB2}.Debug|Any CPU.Build.0 = Debug|Any CPU
		{341614E1-D9FA-ED33-02DD-FFB415974DB2}.Release|Any CPU.ActiveCfg = Release|Any CPU
		{341614E1-D9FA-ED33-02DD-FFB415974DB2}.Release|Any CPU.Build.0 = Release|Any CPU
		{BB295458-7BA1-0E7F-C4BF-90587FEFFBEE}.Debug|Any CPU.ActiveCfg = Debug|Any CPU
		{BB295458-7BA1-0E7F-C4BF-90587FEFFBEE}.Debug|Any CPU.Build.0 = Debug|Any CPU
		{BB295458-7BA1-0E7F-C4BF-90587FEFFBEE}.Release|Any CPU.ActiveCfg = Release|Any CPU
		{BB295458-7BA1-0E7F-C4BF-90587FEFFBEE}.Release|Any CPU.Build.0 = Release|Any CPU
		{55C1619C-A6B4-BD0D-03F6-FFE50C8AA882}.Debug|Any CPU.ActiveCfg = Debug|Any CPU
		{55C1619C-A6B4-BD0D-03F6-FFE50C8AA882}.Debug|Any CPU.Build.0 = Debug|Any CPU
		{55C1619C-A6B4-BD0D-03F6-FFE50C8AA882}.Release|Any CPU.ActiveCfg = Release|Any CPU
		{55C1619C-A6B4-BD0D-03F6-FFE50C8AA882}.Release|Any CPU.Build.0 = Release|Any CPU
		{B69F3176-6508-AA62-7F4E-43BE13BA9481}.Debug|Any CPU.ActiveCfg = Debug|Any CPU
		{B69F3176-6508-AA62-7F4E-43BE13BA9481}.Debug|Any CPU.Build.0 = Debug|Any CPU
		{B69F3176-6508-AA62-7F4E-43BE13BA9481}.Release|Any CPU.ActiveCfg = Release|Any CPU
		{B69F3176-6508-AA62-7F4E-43BE13BA9481}.Release|Any CPU.Build.0 = Release|Any CPU
		{4CC2D330-72E4-D89C-AD76-631B90FB7EE8}.Debug|Any CPU.ActiveCfg = Debug|Any CPU
		{4CC2D330-72E4-D89C-AD76-631B90FB7EE8}.Debug|Any CPU.Build.0 = Debug|Any CPU
		{4CC2D330-72E4-D89C-AD76-631B90FB7EE8}.Release|Any CPU.ActiveCfg = Release|Any CPU
		{4CC2D330-72E4-D89C-AD76-631B90FB7EE8}.Release|Any CPU.Build.0 = Release|Any CPU
		{F54C2924-6093-BF84-F601-389DDEA62EB0}.Debug|Any CPU.ActiveCfg = Debug|Any CPU
		{F54C2924-6093-BF84-F601-389DDEA62EB0}.Debug|Any CPU.Build.0 = Debug|Any CPU
		{F54C2924-6093-BF84-F601-389DDEA62EB0}.Release|Any CPU.ActiveCfg = Release|Any CPU
		{F54C2924-6093-BF84-F601-389DDEA62EB0}.Release|Any CPU.Build.0 = Release|Any CPU
		{CA5ECBA7-FC55-9FB1-43B6-B581C5526BA3}.Debug|Any CPU.ActiveCfg = Debug|Any CPU
		{CA5ECBA7-FC55-9FB1-43B6-B581C5526BA3}.Debug|Any CPU.Build.0 = Debug|Any CPU
		{CA5ECBA7-FC55-9FB1-43B6-B581C5526BA3}.Release|Any CPU.ActiveCfg = Release|Any CPU
		{CA5ECBA7-FC55-9FB1-43B6-B581C5526BA3}.Release|Any CPU.Build.0 = Release|Any CPU
		{57599DC7-BB73-EE08-D643-93CF90D80103}.Debug|Any CPU.ActiveCfg = Debug|Any CPU
		{57599DC7-BB73-EE08-D643-93CF90D80103}.Debug|Any CPU.Build.0 = Debug|Any CPU
		{57599DC7-BB73-EE08-D643-93CF90D80103}.Release|Any CPU.ActiveCfg = Release|Any CPU
		{57599DC7-BB73-EE08-D643-93CF90D80103}.Release|Any CPU.Build.0 = Release|Any CPU
		{88893F7B-E8C6-1646-4DAB-1C4DE15CDE87}.Debug|Any CPU.ActiveCfg = Debug|Any CPU
		{88893F7B-E8C6-1646-4DAB-1C4DE15CDE87}.Debug|Any CPU.Build.0 = Debug|Any CPU
		{88893F7B-E8C6-1646-4DAB-1C4DE15CDE87}.Release|Any CPU.ActiveCfg = Release|Any CPU
		{88893F7B-E8C6-1646-4DAB-1C4DE15CDE87}.Release|Any CPU.Build.0 = Release|Any CPU
		{219C4151-0BB8-D1BF-6BD0-267FD7321448}.Debug|Any CPU.ActiveCfg = Debug|Any CPU
		{219C4151-0BB8-D1BF-6BD0-267FD7321448}.Debug|Any CPU.Build.0 = Debug|Any CPU
		{219C4151-0BB8-D1BF-6BD0-267FD7321448}.Release|Any CPU.ActiveCfg = Release|Any CPU
		{219C4151-0BB8-D1BF-6BD0-267FD7321448}.Release|Any CPU.Build.0 = Release|Any CPU
		{24228BFD-F3BC-74EC-DF9A-684F66D0EB05}.Debug|Any CPU.ActiveCfg = Debug|Any CPU
		{24228BFD-F3BC-74EC-DF9A-684F66D0EB05}.Debug|Any CPU.Build.0 = Debug|Any CPU
		{24228BFD-F3BC-74EC-DF9A-684F66D0EB05}.Release|Any CPU.ActiveCfg = Release|Any CPU
		{24228BFD-F3BC-74EC-DF9A-684F66D0EB05}.Release|Any CPU.Build.0 = Release|Any CPU
		{C7074009-82C5-21D3-2474-DFCAB80A128A}.Debug|Any CPU.ActiveCfg = Debug|Any CPU
		{C7074009-82C5-21D3-2474-DFCAB80A128A}.Debug|Any CPU.Build.0 = Debug|Any CPU
		{C7074009-82C5-21D3-2474-DFCAB80A128A}.Release|Any CPU.ActiveCfg = Release|Any CPU
		{C7074009-82C5-21D3-2474-DFCAB80A128A}.Release|Any CPU.Build.0 = Release|Any CPU
		{BBAC1A82-4D83-D3B5-45CD-5DB66E177E3B}.Debug|Any CPU.ActiveCfg = Debug|Any CPU
		{BBAC1A82-4D83-D3B5-45CD-5DB66E177E3B}.Debug|Any CPU.Build.0 = Debug|Any CPU
		{BBAC1A82-4D83-D3B5-45CD-5DB66E177E3B}.Release|Any CPU.ActiveCfg = Release|Any CPU
		{BBAC1A82-4D83-D3B5-45CD-5DB66E177E3B}.Release|Any CPU.Build.0 = Release|Any CPU
		{33151C46-1795-C526-2E31-2827D4956A51}.Debug|Any CPU.ActiveCfg = Debug|Any CPU
		{33151C46-1795-C526-2E31-2827D4956A51}.Debug|Any CPU.Build.0 = Debug|Any CPU
		{33151C46-1795-C526-2E31-2827D4956A51}.Release|Any CPU.ActiveCfg = Release|Any CPU
		{33151C46-1795-C526-2E31-2827D4956A51}.Release|Any CPU.Build.0 = Release|Any CPU
		{EAA4D581-37E2-887C-F699-544D83938B85}.Debug|Any CPU.ActiveCfg = Debug|Any CPU
		{EAA4D581-37E2-887C-F699-544D83938B85}.Debug|Any CPU.Build.0 = Debug|Any CPU
		{EAA4D581-37E2-887C-F699-544D83938B85}.Release|Any CPU.ActiveCfg = Release|Any CPU
		{EAA4D581-37E2-887C-F699-544D83938B85}.Release|Any CPU.Build.0 = Release|Any CPU
		{DC129337-BC95-C4CB-CAD2-923627071208}.Debug|Any CPU.ActiveCfg = Debug|Any CPU
		{DC129337-BC95-C4CB-CAD2-923627071208}.Debug|Any CPU.Build.0 = Debug|Any CPU
		{DC129337-BC95-C4CB-CAD2-923627071208}.Release|Any CPU.ActiveCfg = Release|Any CPU
		{DC129337-BC95-C4CB-CAD2-923627071208}.Release|Any CPU.Build.0 = Release|Any CPU
		{4AED2322-6130-79B4-7B87-C9FBE38F570A}.Debug|Any CPU.ActiveCfg = Debug|Any CPU
		{4AED2322-6130-79B4-7B87-C9FBE38F570A}.Debug|Any CPU.Build.0 = Debug|Any CPU
		{4AED2322-6130-79B4-7B87-C9FBE38F570A}.Release|Any CPU.ActiveCfg = Release|Any CPU
		{4AED2322-6130-79B4-7B87-C9FBE38F570A}.Release|Any CPU.Build.0 = Release|Any CPU
		{AD302A2F-2DA9-8EF1-7B52-2E092F3F7C45}.Debug|Any CPU.ActiveCfg = Debug|Any CPU
		{AD302A2F-2DA9-8EF1-7B52-2E092F3F7C45}.Debug|Any CPU.Build.0 = Debug|Any CPU
		{AD302A2F-2DA9-8EF1-7B52-2E092F3F7C45}.Release|Any CPU.ActiveCfg = Release|Any CPU
		{AD302A2F-2DA9-8EF1-7B52-2E092F3F7C45}.Release|Any CPU.Build.0 = Release|Any CPU
		{03D2C40A-3828-072A-5D5A-C56676691D09}.Debug|Any CPU.ActiveCfg = Debug|Any CPU
		{03D2C40A-3828-072A-5D5A-C56676691D09}.Debug|Any CPU.Build.0 = Debug|Any CPU
		{03D2C40A-3828-072A-5D5A-C56676691D09}.Release|Any CPU.ActiveCfg = Release|Any CPU
		{03D2C40A-3828-072A-5D5A-C56676691D09}.Release|Any CPU.Build.0 = Release|Any CPU
		{60A165A6-2704-BB16-EAD1-5878E2EEB312}.Debug|Any CPU.ActiveCfg = Debug|Any CPU
		{60A165A6-2704-BB16-EAD1-5878E2EEB312}.Debug|Any CPU.Build.0 = Debug|Any CPU
		{60A165A6-2704-BB16-EAD1-5878E2EEB312}.Release|Any CPU.ActiveCfg = Release|Any CPU
		{60A165A6-2704-BB16-EAD1-5878E2EEB312}.Release|Any CPU.Build.0 = Release|Any CPU
		{453E755A-1B50-26E3-94A7-9BC3F0E28964}.Debug|Any CPU.ActiveCfg = Debug|Any CPU
		{453E755A-1B50-26E3-94A7-9BC3F0E28964}.Debug|Any CPU.Build.0 = Debug|Any CPU
		{453E755A-1B50-26E3-94A7-9BC3F0E28964}.Release|Any CPU.ActiveCfg = Release|Any CPU
		{453E755A-1B50-26E3-94A7-9BC3F0E28964}.Release|Any CPU.Build.0 = Release|Any CPU
		{C210AC6B-0148-6645-7DFA-CB0957512F80}.Debug|Any CPU.ActiveCfg = Debug|Any CPU
		{C210AC6B-0148-6645-7DFA-CB0957512F80}.Debug|Any CPU.Build.0 = Debug|Any CPU
		{C210AC6B-0148-6645-7DFA-CB0957512F80}.Release|Any CPU.ActiveCfg = Release|Any CPU
		{C210AC6B-0148-6645-7DFA-CB0957512F80}.Release|Any CPU.Build.0 = Release|Any CPU
		{9A29E5BE-3B9B-BBC4-9079-1F48BA6229B6}.Debug|Any CPU.ActiveCfg = Debug|Any CPU
		{9A29E5BE-3B9B-BBC4-9079-1F48BA6229B6}.Debug|Any CPU.Build.0 = Debug|Any CPU
		{9A29E5BE-3B9B-BBC4-9079-1F48BA6229B6}.Release|Any CPU.ActiveCfg = Release|Any CPU
		{9A29E5BE-3B9B-BBC4-9079-1F48BA6229B6}.Release|Any CPU.Build.0 = Release|Any CPU
		{3D9572D2-0662-2E69-EDF6-FBF22D3041EA}.Debug|Any CPU.ActiveCfg = Debug|Any CPU
		{3D9572D2-0662-2E69-EDF6-FBF22D3041EA}.Debug|Any CPU.Build.0 = Debug|Any CPU
		{3D9572D2-0662-2E69-EDF6-FBF22D3041EA}.Release|Any CPU.ActiveCfg = Release|Any CPU
		{3D9572D2-0662-2E69-EDF6-FBF22D3041EA}.Release|Any CPU.Build.0 = Release|Any CPU
		{AD489430-9A51-B307-8D5F-7EBBC575844D}.Debug|Any CPU.ActiveCfg = Debug|Any CPU
		{AD489430-9A51-B307-8D5F-7EBBC575844D}.Debug|Any CPU.Build.0 = Debug|Any CPU
		{AD489430-9A51-B307-8D5F-7EBBC575844D}.Release|Any CPU.ActiveCfg = Release|Any CPU
		{AD489430-9A51-B307-8D5F-7EBBC575844D}.Release|Any CPU.Build.0 = Release|Any CPU
		{46351419-BF4B-FBF6-DEDC-5F54381B117D}.Debug|Any CPU.ActiveCfg = Debug|Any CPU
		{46351419-BF4B-FBF6-DEDC-5F54381B117D}.Debug|Any CPU.Build.0 = Debug|Any CPU
		{46351419-BF4B-FBF6-DEDC-5F54381B117D}.Release|Any CPU.ActiveCfg = Release|Any CPU
		{46351419-BF4B-FBF6-DEDC-5F54381B117D}.Release|Any CPU.Build.0 = Release|Any CPU
		{C5D8C597-E1EE-2014-511D-AE5C9034DA44}.Debug|Any CPU.ActiveCfg = Debug|Any CPU
		{C5D8C597-E1EE-2014-511D-AE5C9034DA44}.Debug|Any CPU.Build.0 = Debug|Any CPU
		{C5D8C597-E1EE-2014-511D-AE5C9034DA44}.Release|Any CPU.ActiveCfg = Release|Any CPU
		{C5D8C597-E1EE-2014-511D-AE5C9034DA44}.Release|Any CPU.Build.0 = Release|Any CPU
		{83D0C2D1-E29A-C48F-0E02-74E91DAC2948}.Debug|Any CPU.ActiveCfg = Debug|Any CPU
		{83D0C2D1-E29A-C48F-0E02-74E91DAC2948}.Debug|Any CPU.Build.0 = Debug|Any CPU
		{83D0C2D1-E29A-C48F-0E02-74E91DAC2948}.Release|Any CPU.ActiveCfg = Release|Any CPU
		{83D0C2D1-E29A-C48F-0E02-74E91DAC2948}.Release|Any CPU.Build.0 = Release|Any CPU
		{80D446FF-7536-B57E-3A5E-DA6FB54501BB}.Debug|Any CPU.ActiveCfg = Debug|Any CPU
		{80D446FF-7536-B57E-3A5E-DA6FB54501BB}.Debug|Any CPU.Build.0 = Debug|Any CPU
		{80D446FF-7536-B57E-3A5E-DA6FB54501BB}.Release|Any CPU.ActiveCfg = Release|Any CPU
		{80D446FF-7536-B57E-3A5E-DA6FB54501BB}.Release|Any CPU.Build.0 = Release|Any CPU
		{102A4E44-4F36-EBA6-6382-F8D123B32D70}.Debug|Any CPU.ActiveCfg = Debug|Any CPU
		{102A4E44-4F36-EBA6-6382-F8D123B32D70}.Debug|Any CPU.Build.0 = Debug|Any CPU
		{102A4E44-4F36-EBA6-6382-F8D123B32D70}.Release|Any CPU.ActiveCfg = Release|Any CPU
		{102A4E44-4F36-EBA6-6382-F8D123B32D70}.Release|Any CPU.Build.0 = Release|Any CPU
		{21363A1D-62F4-2AEE-2475-AB0E701DC7AE}.Debug|Any CPU.ActiveCfg = Debug|Any CPU
		{21363A1D-62F4-2AEE-2475-AB0E701DC7AE}.Debug|Any CPU.Build.0 = Debug|Any CPU
		{21363A1D-62F4-2AEE-2475-AB0E701DC7AE}.Release|Any CPU.ActiveCfg = Release|Any CPU
		{21363A1D-62F4-2AEE-2475-AB0E701DC7AE}.Release|Any CPU.Build.0 = Release|Any CPU
		{594DDCFB-88B1-3FDF-D488-1E2F3E2C0934}.Debug|Any CPU.ActiveCfg = Debug|Any CPU
		{594DDCFB-88B1-3FDF-D488-1E2F3E2C0934}.Debug|Any CPU.Build.0 = Debug|Any CPU
		{594DDCFB-88B1-3FDF-D488-1E2F3E2C0934}.Release|Any CPU.ActiveCfg = Release|Any CPU
		{594DDCFB-88B1-3FDF-D488-1E2F3E2C0934}.Release|Any CPU.Build.0 = Release|Any CPU
	EndGlobalSection
	GlobalSection(SolutionProperties) = preSolution
		HideSolutionNode = FALSE
	EndGlobalSection
EndGlobal
